
Microsoft Visual Studio Solution File, Format Version 12.00
# Visual Studio Version 16
VisualStudioVersion = 16.0.28922.388
MinimumVisualStudioVersion = 10.0.40219.1
Project("{9A19103F-16F7-4668-BE54-9A1E7A4F7556}") = "WoWArmoryStore", "WoWArmoryStore\WoWArmoryStore.csproj", "{E32D3F46-3CBC-4700-9513-E62841ED1C6D}"
EndProject
Project("{2150E333-8FDC-42A3-9474-1A3956D46DE8}") = "Data", "Data", "{ADEE630C-8E43-4895-A1B6-CD7054E86905}"
EndProject
Project("{2150E333-8FDC-42A3-9474-1A3956D46DE8}") = "Models", "Models", "{D5377A25-4DE2-4F9E-9EFB-717BED82B95C}"
EndProject
Project("{2150E333-8FDC-42A3-9474-1A3956D46DE8}") = "Services", "Services", "{96B5986F-D5BF-4A53-BDBE-34DD6C7EBE3F}"
EndProject
Project("{2150E333-8FDC-42A3-9474-1A3956D46DE8}") = "Tests", "Tests", "{BE1CA173-556A-490D-B832-FA87CD595558}"
EndProject
Project("{2150E333-8FDC-42A3-9474-1A3956D46DE8}") = "Web", "Web", "{CACBBD85-801A-43E8-B2C8-1BCAE5D97A98}"
EndProject
Project("{9A19103F-16F7-4668-BE54-9A1E7A4F7556}") = "WoWArmory.Data", "WoWArmory.Data\WoWArmory.Data.csproj", "{F5EB6256-B632-48C8-ABE7-F78046BC13E9}"
EndProject
Project("{9A19103F-16F7-4668-BE54-9A1E7A4F7556}") = "WoWArmory.Data.Models", "WoWArmory.Models\WoWArmory.Data.Models.csproj", "{83F071D2-91C2-4870-AC82-821D8D2023FB}"
EndProject
Project("{9A19103F-16F7-4668-BE54-9A1E7A4F7556}") = "WoWArmory.Data.Common", "WoWArmory.Data.Common\WoWArmory.Data.Common.csproj", "{86A468F8-B9AA-452F-8E4C-F97E41011835}"
EndProject
Project("{9A19103F-16F7-4668-BE54-9A1E7A4F7556}") = "WoWArmory.Models.Common", "WoWArmory.Models.Common\WoWArmory.Models.Common.csproj", "{6BBC8A8C-9F9A-42EE-B7DA-AD29E2694C38}"
EndProject
Project("{9A19103F-16F7-4668-BE54-9A1E7A4F7556}") = "WoWArmory.Models.InputModels", "WoWArmory.Models.InputModels\WoWArmory.Models.InputModels.csproj", "{C86444E5-FA4D-4E2C-854B-8E4FB42AEDAF}"
EndProject
Project("{9A19103F-16F7-4668-BE54-9A1E7A4F7556}") = "WoWArmory.Models.ViewModels", "WoWArmory.Models.ViewModels\WoWArmory.Models.ViewModels.csproj", "{83AA0AC0-AFAA-448E-B4D6-1BF00F664802}"
EndProject
Project("{9A19103F-16F7-4668-BE54-9A1E7A4F7556}") = "WoWArmory.Services.Data", "WoWArmory.Services.Data\WoWArmory.Services.Data.csproj", "{2ABC711E-4661-4303-B740-51322F5D7D67}"
EndProject
Project("{9A19103F-16F7-4668-BE54-9A1E7A4F7556}") = "WoWArmory.Services.Mapping", "WoWArmory.Services.Mapping\WoWArmory.Services.Mapping.csproj", "{AC8D0F8B-E12B-41BD-A1D1-35F461B34D58}"
EndProject
Global
	GlobalSection(SolutionConfigurationPlatforms) = preSolution
		Debug|Any CPU = Debug|Any CPU
		Release|Any CPU = Release|Any CPU
	EndGlobalSection
	GlobalSection(ProjectConfigurationPlatforms) = postSolution
		{E32D3F46-3CBC-4700-9513-E62841ED1C6D}.Debug|Any CPU.ActiveCfg = Debug|Any CPU
		{E32D3F46-3CBC-4700-9513-E62841ED1C6D}.Debug|Any CPU.Build.0 = Debug|Any CPU
		{E32D3F46-3CBC-4700-9513-E62841ED1C6D}.Release|Any CPU.ActiveCfg = Release|Any CPU
		{E32D3F46-3CBC-4700-9513-E62841ED1C6D}.Release|Any CPU.Build.0 = Release|Any CPU
		{F5EB6256-B632-48C8-ABE7-F78046BC13E9}.Debug|Any CPU.ActiveCfg = Debug|Any CPU
		{F5EB6256-B632-48C8-ABE7-F78046BC13E9}.Debug|Any CPU.Build.0 = Debug|Any CPU
		{F5EB6256-B632-48C8-ABE7-F78046BC13E9}.Release|Any CPU.ActiveCfg = Release|Any CPU
		{F5EB6256-B632-48C8-ABE7-F78046BC13E9}.Release|Any CPU.Build.0 = Release|Any CPU
		{83F071D2-91C2-4870-AC82-821D8D2023FB}.Debug|Any CPU.ActiveCfg = Debug|Any CPU
		{83F071D2-91C2-4870-AC82-821D8D2023FB}.Debug|Any CPU.Build.0 = Debug|Any CPU
		{83F071D2-91C2-4870-AC82-821D8D2023FB}.Release|Any CPU.ActiveCfg = Release|Any CPU
		{83F071D2-91C2-4870-AC82-821D8D2023FB}.Release|Any CPU.Build.0 = Release|Any CPU
		{86A468F8-B9AA-452F-8E4C-F97E41011835}.Debug|Any CPU.ActiveCfg = Debug|Any CPU
		{86A468F8-B9AA-452F-8E4C-F97E41011835}.Debug|Any CPU.Build.0 = Debug|Any CPU
		{86A468F8-B9AA-452F-8E4C-F97E41011835}.Release|Any CPU.ActiveCfg = Release|Any CPU
		{86A468F8-B9AA-452F-8E4C-F97E41011835}.Release|Any CPU.Build.0 = Release|Any CPU
		{6BBC8A8C-9F9A-42EE-B7DA-AD29E2694C38}.Debug|Any CPU.ActiveCfg = Debug|Any CPU
		{6BBC8A8C-9F9A-42EE-B7DA-AD29E2694C38}.Debug|Any CPU.Build.0 = Debug|Any CPU
		{6BBC8A8C-9F9A-42EE-B7DA-AD29E2694C38}.Release|Any CPU.ActiveCfg = Release|Any CPU
		{6BBC8A8C-9F9A-42EE-B7DA-AD29E2694C38}.Release|Any CPU.Build.0 = Release|Any CPU
		{C86444E5-FA4D-4E2C-854B-8E4FB42AEDAF}.Debug|Any CPU.ActiveCfg = Debug|Any CPU
		{C86444E5-FA4D-4E2C-854B-8E4FB42AEDAF}.Debug|Any CPU.Build.0 = Debug|Any CPU
		{C86444E5-FA4D-4E2C-854B-8E4FB42AEDAF}.Release|Any CPU.ActiveCfg = Release|Any CPU
		{C86444E5-FA4D-4E2C-854B-8E4FB42AEDAF}.Release|Any CPU.Build.0 = Release|Any CPU
		{83AA0AC0-AFAA-448E-B4D6-1BF00F664802}.Debug|Any CPU.ActiveCfg = Debug|Any CPU
		{83AA0AC0-AFAA-448E-B4D6-1BF00F664802}.Debug|Any CPU.Build.0 = Debug|Any CPU
		{83AA0AC0-AFAA-448E-B4D6-1BF00F664802}.Release|Any CPU.ActiveCfg = Release|Any CPU
		{83AA0AC0-AFAA-448E-B4D6-1BF00F664802}.Release|Any CPU.Build.0 = Release|Any CPU
		{2ABC711E-4661-4303-B740-51322F5D7D67}.Debug|Any CPU.ActiveCfg = Debug|Any CPU
		{2ABC711E-4661-4303-B740-51322F5D7D67}.Debug|Any CPU.Build.0 = Debug|Any CPU
		{2ABC711E-4661-4303-B740-51322F5D7D67}.Release|Any CPU.ActiveCfg = Release|Any CPU
		{2ABC711E-4661-4303-B740-51322F5D7D67}.Release|Any CPU.Build.0 = Release|Any CPU
		{AC8D0F8B-E12B-41BD-A1D1-35F461B34D58}.Debug|Any CPU.ActiveCfg = Debug|Any CPU
		{AC8D0F8B-E12B-41BD-A1D1-35F461B34D58}.Debug|Any CPU.Build.0 = Debug|Any CPU
		{AC8D0F8B-E12B-41BD-A1D1-35F461B34D58}.Release|Any CPU.ActiveCfg = Release|Any CPU
		{AC8D0F8B-E12B-41BD-A1D1-35F461B34D58}.Release|Any CPU.Build.0 = Release|Any CPU
	EndGlobalSection
	GlobalSection(SolutionProperties) = preSolution
		HideSolutionNode = FALSE
	EndGlobalSection
	GlobalSection(NestedProjects) = preSolution
		{E32D3F46-3CBC-4700-9513-E62841ED1C6D} = {CACBBD85-801A-43E8-B2C8-1BCAE5D97A98}
		{F5EB6256-B632-48C8-ABE7-F78046BC13E9} = {ADEE630C-8E43-4895-A1B6-CD7054E86905}
		{83F071D2-91C2-4870-AC82-821D8D2023FB} = {ADEE630C-8E43-4895-A1B6-CD7054E86905}
		{86A468F8-B9AA-452F-8E4C-F97E41011835} = {ADEE630C-8E43-4895-A1B6-CD7054E86905}
		{6BBC8A8C-9F9A-42EE-B7DA-AD29E2694C38} = {D5377A25-4DE2-4F9E-9EFB-717BED82B95C}
		{C86444E5-FA4D-4E2C-854B-8E4FB42AEDAF} = {D5377A25-4DE2-4F9E-9EFB-717BED82B95C}
		{83AA0AC0-AFAA-448E-B4D6-1BF00F664802} = {D5377A25-4DE2-4F9E-9EFB-717BED82B95C}
		{2ABC711E-4661-4303-B740-51322F5D7D67} = {96B5986F-D5BF-4A53-BDBE-34DD6C7EBE3F}
		{AC8D0F8B-E12B-41BD-A1D1-35F461B34D58} = {96B5986F-D5BF-4A53-BDBE-34DD6C7EBE3F}
	EndGlobalSection
	GlobalSection(ExtensibilityGlobals) = postSolution
		SolutionGuid = {BC1DFF71-776A-4E52-8531-4C1144816993}
	EndGlobalSection
EndGlobal
